<?xml version="1.0" encoding="UTF-8"?>
<CONFIG>
  <ProjectOptions>
    <Version Value="12"/>
    <PathDelim Value="\"/>
    <General>
      <SessionStorage Value="InProjectDir"/>
      <Title Value="project1"/>
      <Scaled Value="True"/>
      <ResourceType Value="res"/>
      <UseXPManifest Value="True"/>
      <XPManifest>
        <DpiAware Value="True"/>
      </XPManifest>
      <Icon Value="0"/>
    </General>
    <MacroValues Count="1">
      <Macro1 Name="LCLWidgetType" Value="customdrawn"/>
    </MacroValues>
    <BuildModes>
      <Item Name="Default" Default="True"/>
      <SharedMatrixOptions Count="1">
        <Item1 ID="664620400384" Modes="Default" Type="IDEMacro" MacroName="LCLWidgetType" Value="customdrawn"/>
      </SharedMatrixOptions>
    </BuildModes>
    <PublishOptions>
      <Version Value="2"/>
      <UseFileFilters Value="True"/>
    </PublishOptions>
    <RunParams>
      <FormatVersion Value="2"/>
    </RunParams>
    <RequiredPackages>
      <Item>
        <PackageName Value="LazDroidControls"/>
      </Item>
      <Item>
        <PackageName Value="LCL"/>
      </Item>
    </RequiredPackages>
    <Units>
      <Unit>
        <Filename Value="project1.lpr"/>
        <IsPartOfProject Value="True"/>
      </Unit>
      <Unit>
        <Filename Value="unit1.pas"/>
        <IsPartOfProject Value="True"/>
        <ComponentName Value="Form1"/>
        <HasResources Value="True"/>
        <ResourceBaseClass Value="Form"/>
        <UnitName Value="Unit1"/>
      </Unit>
      <Unit>
        <Filename Value="unit2.pas"/>
        <IsPartOfProject Value="True"/>
        <UnitName Value="Unit2"/>
      </Unit>
      <Unit>
        <Filename Value="unit3.pas"/>
        <IsPartOfProject Value="True"/>
        <ComponentName Value="Form2"/>
        <HasResources Value="True"/>
        <ResourceBaseClass Value="Form"/>
        <UnitName Value="Unit3"/>
      </Unit>
      <Unit>
        <Filename Value="unit4.pas"/>
        <IsPartOfProject Value="True"/>
        <ComponentName Value="DataModule1"/>
        <HasResources Value="True"/>
        <ResourceBaseClass Value="DataModule"/>
        <UnitName Value="Unit4"/>
      </Unit>
    </Units>
    <Debugger>
      <ClassConfig Version="1">
        <Config ConfigName="LazDroid GDBServer" ConfigClass="TGDBMIServerDebugger" DebuggerFilename="C:\Users\Denize Abreu\AppData\Local\Android\Sdk\ndk\21.4.7075529\prebuilt\windows-x86_64\bin\gdb-orig.exe" Active="True" UID="{923C448F-9544-495E-A2CE-F61DD2F80D3F}">
          <Properties Debugger_Remote_Hostname="127.0.0.1" Debugger_Remote_Port="5039" RemoteTimeout="15" Architecture="aarch64" SkipSettingLocalExeName="True" WarnOnInternalError="False" InternalStartBreak="gdbsNone" InternalExceptionBreakPoints="">
            <EventProperties>
              <AfterConnect Text="file
add-symbol-file &quot;D:/Projetos AntiGravity/LazarusAndroid/scaffold/app/src/main/jniLibs/arm64-v8a/liblazapp.so&quot; 0x774e186890
handle SIGSEGV nostop noprint pass
handle SIGBUS nostop noprint pass
handle SIG35 nostop noprint pass
handle SIG36 nostop noprint pass
"/>
              <AfterInit Text="set confirm off
set sysroot
set auto-solib-add off
"/>
            </EventProperties>
          </Properties>
        </Config>
      </ClassConfig>
    </Debugger>
  </ProjectOptions>
  <CompilerOptions>
    <Version Value="11"/>
    <PathDelim Value="\"/>
    <Target>
      <Filename Value="D:\Projetos AntiGravity\LazarusAndroid\scaffold\app\src\main\jniLibs\arm64-v8a\liblazapp.so"/>
    </Target>
    <SearchPaths>
      <IncludeFiles Value="$(ProjOutDir);..\package"/>
      <OtherUnitFiles Value="$(LazarusDir)\lcl\units\$(TargetCPU)-$(TargetOS)\customdrawn;$(LazarusDir)\lcl\units\$(TargetCPU)-$(TargetOS);$(LazarusDir)\components\lazutils\lib\$(TargetCPU)-$(TargetOS);$(LazarusDir)\components\freetype\lib\$(TargetCPU)-$(TargetOS);$(LazarusDir)\packager\units\$(TargetCPU)-$(TargetOS);..\package;..\package\lib\$(TargetCPU)-$(TargetOS)"/>
      <UnitOutputDirectory Value="lib\$(TargetCPU)-$(TargetOS)"/>
    </SearchPaths>
    <CodeGeneration>
      <RelocatableUnit Value="True"/>
      <TargetCPU Value="aarch64"/>
      <TargetOS Value="android"/>
    </CodeGeneration>
    <Linking>
      <Debugging>
        <DebugInfoType Value="dsDwarf2Set"/>
      </Debugging>
      <Options>
        <Win32>
          <GraphicApplication Value="True"/>
        </Win32>
        <ExecutableType Value="Library"/>
      </Options>
    </Linking>
    <Other>
      <CustomOptions Value="-dLCL -dLCLcustomdrawn"/>
    </Other>
  </CompilerOptions>
  <Debugging>
    <Exceptions>
      <Item>
        <Name Value="EAbort"/>
      </Item>
      <Item>
        <Name Value="ECodetoolError"/>
      </Item>
      <Item>
        <Name Value="EFOpenError"/>
      </Item>
    </Exceptions>
  </Debugging>
</CONFIG>
